
Microsoft Visual Studio Solution File, Format Version 12.00
# Visual Studio 15
VisualStudioVersion = 15.0.28307.1259
MinimumVisualStudioVersion = 10.0.40219.1
Project("{FAE04EC0-301F-11D3-BF4B-00C04F79EFBC}") = "WCFServicio", "WCFServicio\WCFServicio.csproj", "{D479824E-9B15-49BA-A67D-D998054151FB}"
EndProject
Project("{FAE04EC0-301F-11D3-BF4B-00C04F79EFBC}") = "WSCliente", "WSCliente\WSCliente.csproj", "{1529CFBE-7BCF-44C9-8E61-0CD7650561F4}"
	ProjectSection(ProjectDependencies) = postProject
		{D479824E-9B15-49BA-A67D-D998054151FB} = {D479824E-9B15-49BA-A67D-D998054151FB}
	EndProjectSection
EndProject
Global
	GlobalSection(SolutionConfigurationPlatforms) = preSolution
		Debug|Any CPU = Debug|Any CPU
		Release|Any CPU = Release|Any CPU
	EndGlobalSection
	GlobalSection(ProjectConfigurationPlatforms) = postSolution
		{D479824E-9B15-49BA-A67D-D998054151FB}.Debug|Any CPU.ActiveCfg = Debug|Any CPU
		{D479824E-9B15-49BA-A67D-D998054151FB}.Debug|Any CPU.Build.0 = Debug|Any CPU
		{D479824E-9B15-49BA-A67D-D998054151FB}.Release|Any CPU.ActiveCfg = Release|Any CPU
		{D479824E-9B15-49BA-A67D-D998054151FB}.Release|Any CPU.Build.0 = Release|Any CPU
		{1529CFBE-7BCF-44C9-8E61-0CD7650561F4}.Debug|Any CPU.ActiveCfg = Debug|Any CPU
		{1529CFBE-7BCF-44C9-8E61-0CD7650561F4}.Debug|Any CPU.Build.0 = Debug|Any CPU
		{1529CFBE-7BCF-44C9-8E61-0CD7650561F4}.Release|Any CPU.ActiveCfg = Release|Any CPU
		{1529CFBE-7BCF-44C9-8E61-0CD7650561F4}.Release|Any CPU.Build.0 = Release|Any CPU
	EndGlobalSection
	GlobalSection(SolutionProperties) = preSolution
		HideSolutionNode = FALSE
	EndGlobalSection
	GlobalSection(ExtensibilityGlobals) = postSolution
		SolutionGuid = {ADBA5CDC-D287-4E03-A446-6548E8A608C1}
	EndGlobalSection
EndGlobal
